Microsoft Visual Studio Solution File, Format Version 12.00
# Visual Studio Version 17
VisualStudioVersion = 17.5.2.0
MinimumVisualStudioVersion = 10.0.40219.1
Project("{FAE04EC0-301F-11D3-BF4B-00C04F79EFBC}") = "maquinaDeCafeTdd", "maquinaDeCafeTdd.csproj", "{6ED4DD75-0EC3-0A43-B6D9-AE05B8B40FA9}"
EndProject
Global
	GlobalSection(SolutionConfigurationPlatforms) = preSolution
		Debug|Any CPU = Debug|Any CPU
		Release|Any CPU = Release|Any CPU
	EndGlobalSection
	GlobalSection(ProjectConfigurationPlatforms) = postSolution
		{6ED4DD75-0EC3-0A43-B6D9-AE05B8B40FA9}.Debug|Any CPU.ActiveCfg = Debug|Any CPU
		{6ED4DD75-0EC3-0A43-B6D9-AE05B8B40FA9}.Debug|Any CPU.Build.0 = Debug|Any CPU
		{6ED4DD75-0EC3-0A43-B6D9-AE05B8B40FA9}.Release|Any CPU.ActiveCfg = Release|Any CPU
		{6ED4DD75-0EC3-0A43-B6D9-AE05B8B40FA9}.Release|Any CPU.Build.0 = Release|Any CPU
	EndGlobalSection
	GlobalSection(SolutionProperties) = preSolution
		HideSolutionNode = FALSE
	EndGlobalSection
	GlobalSection(ExtensibilityGlobals) = postSolution
		SolutionGuid = {19904C3F-9347-45B6-BF7F-B198751808F7}
	EndGlobalSection
EndGlobal
